// !$*UTF8*$!
{
	archiveVersion = 1;
	classes = {
	};
	objectVersion = 55;
	objects = {

/* Begin PBXBuildFile section */
		121EADDB288B7FAB00E748E9 /* RowLocationView.swift in Sources */ = {isa = PBXBuildFile; fileRef = 121EADDA288B7FAB00E748E9 /* RowLocationView.swift */; };
		121EADDD288B7FBF00E748E9 /* ListLocationView.swift in Sources */ = {isa = PBXBuildFile; fileRef = 121EADDC288B7FBF00E748E9 /* ListLocationView.swift */; };
		121F74FD289BFDE800A98196 /* SettingView.swift in Sources */ = {isa = PBXBuildFile; fileRef = 121F74FC289BFDE800A98196 /* SettingView.swift */; };
		1228C285289B200A00044299 /* AdMobViewModels.swift in Sources */ = {isa = PBXBuildFile; fileRef = 1228C284289B200A00044299 /* AdMobViewModels.swift */; };
		124CD5FB288EC386004E7968 /* SpotPickerView.swift in Sources */ = {isa = PBXBuildFile; fileRef = 124CD5FA288EC386004E7968 /* SpotPickerView.swift */; };
		124CD5FD288F4835004E7968 /* HeaderView.swift in Sources */ = {isa = PBXBuildFile; fileRef = 124CD5FC288F4835004E7968 /* HeaderView.swift */; };
		124F8A91288964D30015C589 /* mappingApp.swift in Sources */ = {isa = PBXBuildFile; fileRef = 124F8A90288964D30015C589 /* mappingApp.swift */; };
		124F8A93288964D30015C589 /* ContentView.swift in Sources */ = {isa = PBXBuildFile; fileRef = 124F8A92288964D30015C589 /* ContentView.swift */; };
		124F8A95288964D40015C589 /* Assets.xcassets in Resources */ = {isa = PBXBuildFile; fileRef = 124F8A94288964D40015C589 /* Assets.xcassets */; };
		124F8A98288964D40015C589 /* Preview Assets.xcassets in Resources */ = {isa = PBXBuildFile; fileRef = 124F8A97288964D40015C589 /* Preview Assets.xcassets */; };
		124F8AA2288967EB0015C589 /* MapModels.swift in Sources */ = {isa = PBXBuildFile; fileRef = 124F8AA1288967EB0015C589 /* MapModels.swift */; };
		124F8AA42889727F0015C589 /* CurrentMapView.swift in Sources */ = {isa = PBXBuildFile; fileRef = 124F8AA32889727F0015C589 /* CurrentMapView.swift */; };
		124F8AA7288979320015C589 /* FileController.swift in Sources */ = {isa = PBXBuildFile; fileRef = 124F8AA6288979320015C589 /* FileController.swift */; };
		12533BD32889FB1400E00556 /* MappingView.swift in Sources */ = {isa = PBXBuildFile; fileRef = 12533BD22889FB1400E00556 /* MappingView.swift */; };
		12533BD52889FC0300E00556 /* InputLocationView.swift in Sources */ = {isa = PBXBuildFile; fileRef = 12533BD42889FC0300E00556 /* InputLocationView.swift */; };
		128FB33C2894192C00A15091 /* LocationModels.swift in Sources */ = {isa = PBXBuildFile; fileRef = 128FB33B2894192C00A15091 /* LocationModels.swift */; };
		12DFFA7D28909346006C024A /* DetailLocationView.swift in Sources */ = {isa = PBXBuildFile; fileRef = 12DFFA7C28909346006C024A /* DetailLocationView.swift */; };
		85B17AE5AE30E4E36426C19D /* Pods_mapping.framework in Frameworks */ = {isa = PBXBuildFile; fileRef = B12552F734DEED1587BEAA76 /* Pods_mapping.framework */; };
/* End PBXBuildFile section */

/* Begin PBXFileReference section */
		121EADDA288B7FAB00E748E9 /* RowLocationView.swift */ = {isa = PBXFileReference; lastKnownFileType = sourcecode.swift; path = RowLocationView.swift; sourceTree = "<group>"; };
		121EADDC288B7FBF00E748E9 /* ListLocationView.swift */ = {isa = PBXFileReference; lastKnownFileType = sourcecode.swift; path = ListLocationView.swift; sourceTree = "<group>"; };
		121F74FC289BFDE800A98196 /* SettingView.swift */ = {isa = PBXFileReference; lastKnownFileType = sourcecode.swift; path = SettingView.swift; sourceTree = "<group>"; };
		1228C283289B1F7200044299 /* Info.plist */ = {isa = PBXFileReference; lastKnownFileType = text.plist; path = Info.plist; sourceTree = "<group>"; };
		1228C284289B200A00044299 /* AdMobViewModels.swift */ = {isa = PBXFileReference; lastKnownFileType = sourcecode.swift; path = AdMobViewModels.swift; sourceTree = "<group>"; };
		124CD5FA288EC386004E7968 /* SpotPickerView.swift */ = {isa = PBXFileReference; lastKnownFileType = sourcecode.swift; path = SpotPickerView.swift; sourceTree = "<group>"; };
		124CD5FC288F4835004E7968 /* HeaderView.swift */ = {isa = PBXFileReference; lastKnownFileType = sourcecode.swift; path = HeaderView.swift; sourceTree = "<group>"; };
		124F8A8D288964D30015C589 /* mapping.app */ = {isa = PBXFileReference; explicitFileType = wrapper.application; includeInIndex = 0; path = mapping.app; sourceTree = BUILT_PRODUCTS_DIR; };
		124F8A90288964D30015C589 /* mappingApp.swift */ = {isa = PBXFileReference; lastKnownFileType = sourcecode.swift; path = mappingApp.swift; sourceTree = "<group>"; };
		124F8A92288964D30015C589 /* ContentView.swift */ = {isa = PBXFileReference; lastKnownFileType = sourcecode.swift; path = ContentView.swift; sourceTree = "<group>"; };
		124F8A94288964D40015C589 /* Assets.xcassets */ = {isa = PBXFileReference; lastKnownFileType = folder.assetcatalog; path = Assets.xcassets; sourceTree = "<group>"; };
		124F8A97288964D40015C589 /* Preview Assets.xcassets */ = {isa = PBXFileReference; lastKnownFileType = folder.assetcatalog; path = "Preview Assets.xcassets"; sourceTree = "<group>"; };
		124F8AA1288967EB0015C589 /* MapModels.swift */ = {isa = PBXFileReference; lastKnownFileType = sourcecode.swift; path = MapModels.swift; sourceTree = "<group>"; };
		124F8AA32889727F0015C589 /* CurrentMapView.swift */ = {isa = PBXFileReference; lastKnownFileType = sourcecode.swift; path = CurrentMapView.swift; sourceTree = "<group>"; };
		124F8AA6288979320015C589 /* FileController.swift */ = {isa = PBXFileReference; lastKnownFileType = sourcecode.swift; path = FileController.swift; sourceTree = "<group>"; };
		12533BD22889FB1400E00556 /* MappingView.swift */ = {isa = PBXFileReference; lastKnownFileType = sourcecode.swift; path = MappingView.swift; sourceTree = "<group>"; };
		12533BD42889FC0300E00556 /* InputLocationView.swift */ = {isa = PBXFileReference; lastKnownFileType = sourcecode.swift; path = InputLocationView.swift; sourceTree = "<group>"; };
		128FB33B2894192C00A15091 /* LocationModels.swift */ = {isa = PBXFileReference; lastKnownFileType = sourcecode.swift; path = LocationModels.swift; sourceTree = "<group>"; };
		12DFFA7C28909346006C024A /* DetailLocationView.swift */ = {isa = PBXFileReference; lastKnownFileType = sourcecode.swift; path = DetailLocationView.swift; sourceTree = "<group>"; };
		B12552F734DEED1587BEAA76 /* Pods_mapping.framework */ = {isa = PBXFileReference; explicitFileType = wrapper.framework; includeInIndex = 0; path = Pods_mapping.framework; sourceTree = BUILT_PRODUCTS_DIR; };
		C043BF59E40B6B926F98C239 /* Pods-mapping.debug.xcconfig */ = {isa = PBXFileReference; includeInIndex = 1; lastKnownFileType = text.xcconfig; name = "Pods-mapping.debug.xcconfig"; path = "Target Support Files/Pods-mapping/Pods-mapping.debug.xcconfig"; sourceTree = "<group>"; };
		F3E9BFA9CF28B77B4AA80445 /* Pods-mapping.release.xcconfig */ = {isa = PBXFileReference; includeInIndex = 1; lastKnownFileType = text.xcconfig; name = "Pods-mapping.release.xcconfig"; path = "Target Support Files/Pods-mapping/Pods-mapping.release.xcconfig"; sourceTree = "<group>"; };
/* End PBXFileReference section */

/* Begin PBXFrameworksBuildPhase section */
		124F8A8A288964D30015C589 /* Frameworks */ = {
			isa = PBXFrameworksBuildPhase;
			buildActionMask = 2147483647;
			files = (
				85B17AE5AE30E4E36426C19D /* Pods_mapping.framework in Frameworks */,
			);
			runOnlyForDeploymentPostprocessing = 0;
		};
/* End PBXFrameworksBuildPhase section */

/* Begin PBXGroup section */
		124F8A84288964D30015C589 = {
			isa = PBXGroup;
			children = (
				124F8A8F288964D30015C589 /* mapping */,
				124F8A8E288964D30015C589 /* Products */,
				21B6398D8FB6742BC3E67328 /* Pods */,
				8439328EBECCE8D322AB9D5C /* Frameworks */,
			);
			sourceTree = "<group>";
		};
		124F8A8E288964D30015C589 /* Products */ = {
			isa = PBXGroup;
			children = (
				124F8A8D288964D30015C589 /* mapping.app */,
			);
			name = Products;
			sourceTree = "<group>";
		};
		124F8A8F288964D30015C589 /* mapping */ = {
			isa = PBXGroup;
			children = (
				1228C283289B1F7200044299 /* Info.plist */,
				124F8A90288964D30015C589 /* mappingApp.swift */,
				124F8A92288964D30015C589 /* ContentView.swift */,
				121F74FC289BFDE800A98196 /* SettingView.swift */,
				12DFFA7C28909346006C024A /* DetailLocationView.swift */,
				12533BD42889FC0300E00556 /* InputLocationView.swift */,
				124CD5FA288EC386004E7968 /* SpotPickerView.swift */,
				121EADDA288B7FAB00E748E9 /* RowLocationView.swift */,
				121EADDC288B7FBF00E748E9 /* ListLocationView.swift */,
				12533BD22889FB1400E00556 /* MappingView.swift */,
				124F8AA32889727F0015C589 /* CurrentMapView.swift */,
				128FB33A289413F800A15091 /* layouts */,
				124F8AA5288978F40015C589 /* Controller */,
				124F8A9E288964DD0015C589 /* Models */,
				124F8A94288964D40015C589 /* Assets.xcassets */,
				124F8A96288964D40015C589 /* Preview Content */,
			);
			path = mapping;
			sourceTree = "<group>";
		};
		124F8A96288964D40015C589 /* Preview Content */ = {
			isa = PBXGroup;
			children = (
				124F8A97288964D40015C589 /* Preview Assets.xcassets */,
			);
			path = "Preview Content";
			sourceTree = "<group>";
		};
		124F8A9E288964DD0015C589 /* Models */ = {
			isa = PBXGroup;
			children = (
				128FB33B2894192C00A15091 /* LocationModels.swift */,
				124F8AA1288967EB0015C589 /* MapModels.swift */,
				1228C284289B200A00044299 /* AdMobViewModels.swift */,
			);
			path = Models;
			sourceTree = "<group>";
		};
		124F8AA5288978F40015C589 /* Controller */ = {
			isa = PBXGroup;
			children = (
				124F8AA6288979320015C589 /* FileController.swift */,
			);
			path = Controller;
			sourceTree = "<group>";
		};
		128FB33A289413F800A15091 /* layouts */ = {
			isa = PBXGroup;
			children = (
				124CD5FC288F4835004E7968 /* HeaderView.swift */,
			);
			path = layouts;
			sourceTree = "<group>";
		};
		21B6398D8FB6742BC3E67328 /* Pods */ = {
			isa = PBXGroup;
			children = (
				C043BF59E40B6B926F98C239 /* Pods-mapping.debug.xcconfig */,
				F3E9BFA9CF28B77B4AA80445 /* Pods-mapping.release.xcconfig */,
			);
			path = Pods;
			sourceTree = "<group>";
		};
		8439328EBECCE8D322AB9D5C /* Frameworks */ = {
			isa = PBXGroup;
			children = (
				B12552F734DEED1587BEAA76 /* Pods_mapping.framework */,
			);
			name = Frameworks;
			sourceTree = "<group>";
		};
/* End PBXGroup section */

/* Begin PBXNativeTarget section */
		124F8A8C288964D30015C589 /* mapping */ = {
			isa = PBXNativeTarget;
			buildConfigurationList = 124F8A9B288964D40015C589 /* Build configuration list for PBXNativeTarget "mapping" */;
			buildPhases = (
				EA72BB50B27A3F8BA6CFC170 /* [CP] Check Pods Manifest.lock */,
				124F8A89288964D30015C589 /* Sources */,
				124F8A8A288964D30015C589 /* Frameworks */,
				124F8A8B288964D30015C589 /* Resources */,
				2FF20357CCE7F5A91B763C9D /* [CP] Embed Pods Frameworks */,
			);
			buildRules = (
			);
			dependencies = (
			);
			name = mapping;
			productName = mapping;
			productReference = 124F8A8D288964D30015C589 /* mapping.app */;
			productType = "com.apple.product-type.application";
		};
/* End PBXNativeTarget section */

/* Begin PBXProject section */
		124F8A85288964D30015C589 /* Project object */ = {
			isa = PBXProject;
			attributes = {
				BuildIndependentTargetsInParallel = 1;
				LastSwiftUpdateCheck = 1330;
				LastUpgradeCheck = 1330;
				TargetAttributes = {
					124F8A8C288964D30015C589 = {
						CreatedOnToolsVersion = 13.3;
					};
				};
			};
			buildConfigurationList = 124F8A88288964D30015C589 /* Build configuration list for PBXProject "mapping" */;
			compatibilityVersion = "Xcode 13.0";
			developmentRegion = en;
			hasScannedForEncodings = 0;
			knownRegions = (
				en,
				Base,
				ja,
			);
			mainGroup = 124F8A84288964D30015C589;
			productRefGroup = 124F8A8E288964D30015C589 /* Products */;
			projectDirPath = "";
			projectRoot = "";
			targets = (
				124F8A8C288964D30015C589 /* mapping */,
			);
		};
/* End PBXProject section */

/* Begin PBXResourcesBuildPhase section */
		124F8A8B288964D30015C589 /* Resources */ = {
			isa = PBXResourcesBuildPhase;
			buildActionMask = 2147483647;
			files = (
				124F8A98288964D40015C589 /* Preview Assets.xcassets in Resources */,
				124F8A95288964D40015C589 /* Assets.xcassets in Resources */,
			);
			runOnlyForDeploymentPostprocessing = 0;
		};
/* End PBXResourcesBuildPhase section */

/* Begin PBXShellScriptBuildPhase section */
		2FF20357CCE7F5A91B763C9D /* [CP] Embed Pods Frameworks */ = {
			isa = PBXShellScriptBuildPhase;
			buildActionMask = 2147483647;
			files = (
			);
			inputFileListPaths = (
				"${PODS_ROOT}/Target Support Files/Pods-mapping/Pods-mapping-frameworks-${CONFIGURATION}-input-files.xcfilelist",
			);
			name = "[CP] Embed Pods Frameworks";
			outputFileListPaths = (
				"${PODS_ROOT}/Target Support Files/Pods-mapping/Pods-mapping-frameworks-${CONFIGURATION}-output-files.xcfilelist",
			);
			runOnlyForDeploymentPostprocessing = 0;
			shellPath = /bin/sh;
			shellScript = "\"${PODS_ROOT}/Target Support Files/Pods-mapping/Pods-mapping-frameworks.sh\"\n";
			showEnvVarsInLog = 0;
		};
		EA72BB50B27A3F8BA6CFC170 /* [CP] Check Pods Manifest.lock */ = {
			isa = PBXShellScriptBuildPhase;
			buildActionMask = 2147483647;
			files = (
			);
			inputFileListPaths = (
			);
			inputPaths = (
				"${PODS_PODFILE_DIR_PATH}/Podfile.lock",
				"${PODS_ROOT}/Manifest.lock",
			);
			name = "[CP] Check Pods Manifest.lock";
			outputFileListPaths = (
			);
			outputPaths = (
				"$(DERIVED_FILE_DIR)/Pods-mapping-checkManifestLockResult.txt",
			);
			runOnlyForDeploymentPostprocessing = 0;
			shellPath = /bin/sh;
			shellScript = "diff \"${PODS_PODFILE_DIR_PATH}/Podfile.lock\" \"${PODS_ROOT}/Manifest.lock\" > /dev/null\nif [ $? != 0 ] ; then\n    # print error to STDERR\n    echo \"error: The sandbox is not in sync with the Podfile.lock. Run 'pod install' or update your CocoaPods installation.\" >&2\n    exit 1\nfi\n# This output is used by Xcode 'outputs' to avoid re-running this script phase.\necho \"SUCCESS\" > \"${SCRIPT_OUTPUT_FILE_0}\"\n";
			showEnvVarsInLog = 0;
		};
/* End PBXShellScriptBuildPhase section */

/* Begin PBXSourcesBuildPhase section */
		124F8A89288964D30015C589 /* Sources */ = {
			isa = PBXSourcesBuildPhase;
			buildActionMask = 2147483647;
			files = (
				124F8AA2288967EB0015C589 /* MapModels.swift in Sources */,
				121EADDB288B7FAB00E748E9 /* RowLocationView.swift in Sources */,
				121EADDD288B7FBF00E748E9 /* ListLocationView.swift in Sources */,
				12DFFA7D28909346006C024A /* DetailLocationView.swift in Sources */,
				128FB33C2894192C00A15091 /* LocationModels.swift in Sources */,
				124F8A93288964D30015C589 /* ContentView.swift in Sources */,
				121F74FD289BFDE800A98196 /* SettingView.swift in Sources */,
				1228C285289B200A00044299 /* AdMobViewModels.swift in Sources */,
				124F8AA7288979320015C589 /* FileController.swift in Sources */,
				124CD5FB288EC386004E7968 /* SpotPickerView.swift in Sources */,
				124CD5FD288F4835004E7968 /* HeaderView.swift in Sources */,
				12533BD32889FB1400E00556 /* MappingView.swift in Sources */,
				12533BD52889FC0300E00556 /* InputLocationView.swift in Sources */,
				124F8A91288964D30015C589 /* mappingApp.swift in Sources */,
				124F8AA42889727F0015C589 /* CurrentMapView.swift in Sources */,
			);
			runOnlyForDeploymentPostprocessing = 0;
		};
/* End PBXSourcesBuildPhase section */

/* Begin XCBuildConfiguration section */
		124F8A99288964D40015C589 /* Debug */ = {
			isa = XCBuildConfiguration;
			buildSettings = {
				ALWAYS_SEARCH_USER_PATHS = NO;
				CLANG_ANALYZER_NONNULL = YES;
				CLANG_ANALYZER_NUMBER_OBJECT_CONVERSION = YES_AGGRESSIVE;
				CLANG_CXX_LANGUAGE_STANDARD = "gnu++17";
				CLANG_ENABLE_MODULES = YES;
				CLANG_ENABLE_OBJC_ARC = YES;
				CLANG_ENABLE_OBJC_WEAK = YES;
				CLANG_WARN_BLOCK_CAPTURE_AUTORELEASING = YES;
				CLANG_WARN_BOOL_CONVERSION = YES;
				CLANG_WARN_COMMA = YES;
				CLANG_WARN_CONSTANT_CONVERSION = YES;
				CLANG_WARN_DEPRECATED_OBJC_IMPLEMENTATIONS = YES;
				CLANG_WARN_DIRECT_OBJC_ISA_USAGE = YES_ERROR;
				CLANG_WARN_DOCUMENTATION_COMMENTS = YES;
				CLANG_WARN_EMPTY_BODY = YES;
				CLANG_WARN_ENUM_CONVERSION = YES;
				CLANG_WARN_INFINITE_RECURSION = YES;
				CLANG_WARN_INT_CONVERSION = YES;
				CLANG_WARN_NON_LITERAL_NULL_CONVERSION = YES;
				CLANG_WARN_OBJC_IMPLICIT_RETAIN_SELF = YES;
				CLANG_WARN_OBJC_LITERAL_CONVERSION = YES;
				CLANG_WARN_OBJC_ROOT_CLASS = YES_ERROR;
				CLANG_WARN_QUOTED_INCLUDE_IN_FRAMEWORK_HEADER = YES;
				CLANG_WARN_RANGE_LOOP_ANALYSIS = YES;
				CLANG_WARN_STRICT_PROTOTYPES = YES;
				CLANG_WARN_SUSPICIOUS_MOVE = YES;
				CLANG_WARN_UNGUARDED_AVAILABILITY = YES_AGGRESSIVE;
				CLANG_WARN_UNREACHABLE_CODE = YES;
				CLANG_WARN__DUPLICATE_METHOD_MATCH = YES;
				COPY_PHASE_STRIP = NO;
				DEBUG_INFORMATION_FORMAT = dwarf;
				ENABLE_STRICT_OBJC_MSGSEND = YES;
				ENABLE_TESTABILITY = YES;
				GCC_C_LANGUAGE_STANDARD = gnu11;
				GCC_DYNAMIC_NO_PIC = NO;
				GCC_NO_COMMON_BLOCKS = YES;
				GCC_OPTIMIZATION_LEVEL = 0;
				GCC_PREPROCESSOR_DEFINITIONS = (
					"DEBUG=1",
					"$(inherited)",
				);
				GCC_WARN_64_TO_32_BIT_CONVERSION = YES;
				GCC_WARN_ABOUT_RETURN_TYPE = YES_ERROR;
				GCC_WARN_UNDECLARED_SELECTOR = YES;
				GCC_WARN_UNINITIALIZED_AUTOS = YES_AGGRESSIVE;
				GCC_WARN_UNUSED_FUNCTION = YES;
				GCC_WARN_UNUSED_VARIABLE = YES;
				IPHONEOS_DEPLOYMENT_TARGET = 15.4;
				MTL_ENABLE_DEBUG_INFO = INCLUDE_SOURCE;
				MTL_FAST_MATH = YES;
				ONLY_ACTIVE_ARCH = YES;
				SDKROOT = iphoneos;
				SWIFT_ACTIVE_COMPILATION_CONDITIONS = DEBUG;
				SWIFT_OPTIMIZATION_LEVEL = "-Onone";
			};
			name = Debug;
		};
		124F8A9A288964D40015C589 /* Release */ = {
			isa = XCBuildConfiguration;
			buildSettings = {
				ALWAYS_SEARCH_USER_PATHS = NO;
				CLANG_ANALYZER_NONNULL = YES;
				CLANG_ANALYZER_NUMBER_OBJECT_CONVERSION = YES_AGGRESSIVE;
				CLANG_CXX_LANGUAGE_STANDARD = "gnu++17";
				CLANG_ENABLE_MODULES = YES;
				CLANG_ENABLE_OBJC_ARC = YES;
				CLANG_ENABLE_OBJC_WEAK = YES;
				CLANG_WARN_BLOCK_CAPTURE_AUTORELEASING = YES;
				CLANG_WARN_BOOL_CONVERSION = YES;
				CLANG_WARN_COMMA = YES;
				CLANG_WARN_CONSTANT_CONVERSION = YES;
				CLANG_WARN_DEPRECATED_OBJC_IMPLEMENTATIONS = YES;
				CLANG_WARN_DIRECT_OBJC_ISA_USAGE = YES_ERROR;
				CLANG_WARN_DOCUMENTATION_COMMENTS = YES;
				CLANG_WARN_EMPTY_BODY = YES;
				CLANG_WARN_ENUM_CONVERSION = YES;
				CLANG_WARN_INFINITE_RECURSION = YES;
				CLANG_WARN_INT_CONVERSION = YES;
				CLANG_WARN_NON_LITERAL_NULL_CONVERSION = YES;
				CLANG_WARN_OBJC_IMPLICIT_RETAIN_SELF = YES;
				CLANG_WARN_OBJC_LITERAL_CONVERSION = YES;
				CLANG_WARN_OBJC_ROOT_CLASS = YES_ERROR;
				CLANG_WARN_QUOTED_INCLUDE_IN_FRAMEWORK_HEADER = YES;
				CLANG_WARN_RANGE_LOOP_ANALYSIS = YES;
				CLANG_WARN_STRICT_PROTOTYPES = YES;
				CLANG_WARN_SUSPICIOUS_MOVE = YES;
				CLANG_WARN_UNGUARDED_AVAILABILITY = YES_AGGRESSIVE;
				CLANG_WARN_UNREACHABLE_CODE = YES;
				CLANG_WARN__DUPLICATE_METHOD_MATCH = YES;
				COPY_PHASE_STRIP = NO;
				DEBUG_INFORMATION_FORMAT = "dwarf-with-dsym";
				ENABLE_NS_ASSERTIONS = NO;
				ENABLE_STRICT_OBJC_MSGSEND = YES;
				GCC_C_LANGUAGE_STANDARD = gnu11;
				GCC_NO_COMMON_BLOCKS = YES;
				GCC_WARN_64_TO_32_BIT_CONVERSION = YES;
				GCC_WARN_ABOUT_RETURN_TYPE = YES_ERROR;
				GCC_WARN_UNDECLARED_SELECTOR = YES;
				GCC_WARN_UNINITIALIZED_AUTOS = YES_AGGRESSIVE;
				GCC_WARN_UNUSED_FUNCTION = YES;
				GCC_WARN_UNUSED_VARIABLE = YES;
				IPHONEOS_DEPLOYMENT_TARGET = 15.4;
				MTL_ENABLE_DEBUG_INFO = NO;
				MTL_FAST_MATH = YES;
				SDKROOT = iphoneos;
				SWIFT_COMPILATION_MODE = wholemodule;
				SWIFT_OPTIMIZATION_LEVEL = "-O";
				VALIDATE_PRODUCT = YES;
			};
			name = Release;
		};
		124F8A9C288964D40015C589 /* Debug */ = {
			isa = XCBuildConfiguration;
			baseConfigurationReference = C043BF59E40B6B926F98C239 /* Pods-mapping.debug.xcconfig */;
			buildSettings = {
				ASSETCATALOG_COMPILER_APPICON_NAME = AppIcon;
				ASSETCATALOG_COMPILER_GLOBAL_ACCENT_COLOR_NAME = AccentColor;
				CODE_SIGN_STYLE = Automatic;
				CURRENT_PROJECT_VERSION = 1;
				DEVELOPMENT_ASSET_PATHS = "\"mapping/Preview Content\"";
				DEVELOPMENT_TEAM = CGD79LB65H;
				ENABLE_PREVIEWS = YES;
				GENERATE_INFOPLIST_FILE = YES;
				INFOPLIST_FILE = mapping/Info.plist;
				INFOPLIST_KEY_NSLocationWhenInUseUsageDescription = "現在地を表示するために位置情報を使います。";
				INFOPLIST_KEY_UIApplicationSceneManifest_Generation = YES;
				INFOPLIST_KEY_UIApplicationSupportsIndirectInputEvents = YES;
				INFOPLIST_KEY_UILaunchScreen_Generation = YES;
				INFOPLIST_KEY_UISupportedInterfaceOrientations_iPad = "UIInterfaceOrientationPortrait UIInterfaceOrientationPortraitUpsideDown UIInterfaceOrientationLandscapeLeft UIInterfaceOrientationLandscapeRight";
				INFOPLIST_KEY_UISupportedInterfaceOrientations_iPhone = "UIInterfaceOrientationPortrait UIInterfaceOrientationLandscapeLeft UIInterfaceOrientationLandscapeRight";
				LD_RUNPATH_SEARCH_PATHS = (
					"$(inherited)",
					"@executable_path/Frameworks",
				);
				MARKETING_VERSION = 1.0;
				PRODUCT_BUNDLE_IDENTIFIER = com.ame.dev.mapping;
				PRODUCT_NAME = "$(TARGET_NAME)";
				SWIFT_EMIT_LOC_STRINGS = YES;
				SWIFT_VERSION = 5.0;
				TARGETED_DEVICE_FAMILY = "1,2";
			};
			name = Debug;
		};
		124F8A9D288964D40015C589 /* Release */ = {
			isa = XCBuildConfiguration;
			baseConfigurationReference = F3E9BFA9CF28B77B4AA80445 /* Pods-mapping.release.xcconfig */;
			buildSettings = {
				ASSETCATALOG_COMPILER_APPICON_NAME = AppIcon;
				ASSETCATALOG_COMPILER_GLOBAL_ACCENT_COLOR_NAME = AccentColor;
				CODE_SIGN_STYLE = Automatic;
				CURRENT_PROJECT_VERSION = 1;
				DEVELOPMENT_ASSET_PATHS = "\"mapping/Preview Content\"";
				DEVELOPMENT_TEAM = CGD79LB65H;
				ENABLE_PREVIEWS = YES;
				GENERATE_INFOPLIST_FILE = YES;
				INFOPLIST_FILE = mapping/Info.plist;
				INFOPLIST_KEY_NSLocationWhenInUseUsageDescription = "現在地を表示するために位置情報を使います。";
				INFOPLIST_KEY_UIApplicationSceneManifest_Generation = YES;
				INFOPLIST_KEY_UIApplicationSupportsIndirectInputEvents = YES;
				INFOPLIST_KEY_UILaunchScreen_Generation = YES;
				INFOPLIST_KEY_UISupportedInterfaceOrientations_iPad = "UIInterfaceOrientationPortrait UIInterfaceOrientationPortraitUpsideDown UIInterfaceOrientationLandscapeLeft UIInterfaceOrientationLandscapeRight";
				INFOPLIST_KEY_UISupportedInterfaceOrientations_iPhone = "UIInterfaceOrientationPortrait UIInterfaceOrientationLandscapeLeft UIInterfaceOrientationLandscapeRight";
				LD_RUNPATH_SEARCH_PATHS = (
					"$(inherited)",
					"@executable_path/Frameworks",
				);
				MARKETING_VERSION = 1.0;
				PRODUCT_BUNDLE_IDENTIFIER = com.ame.dev.mapping;
				PRODUCT_NAME = "$(TARGET_NAME)";
				SWIFT_EMIT_LOC_STRINGS = YES;
				SWIFT_VERSION = 5.0;
				TARGETED_DEVICE_FAMILY = "1,2";
			};
			name = Release;
		};
/* End XCBuildConfiguration section */

/* Begin XCConfigurationList section */
		124F8A88288964D30015C589 /* Build configuration list for PBXProject "mapping" */ = {
			isa = XCConfigurationList;
			buildConfigurations = (
				124F8A99288964D40015C589 /* Debug */,
				124F8A9A288964D40015C589 /* Release */,
			);
			defaultConfigurationIsVisible = 0;
			defaultConfigurationName = Release;
		};
		124F8A9B288964D40015C589 /* Build configuration list for PBXNativeTarget "mapping" */ = {
			isa = XCConfigurationList;
			buildConfigurations = (
				124F8A9C288964D40015C589 /* Debug */,
				124F8A9D288964D40015C589 /* Release */,
			);
			defaultConfigurationIsVisible = 0;
			defaultConfigurationName = Release;
		};
/* End XCConfigurationList section */
	};
	rootObject = 124F8A85288964D30015C589 /* Project object */;
}
